// !$*UTF8*$!
{
	archiveVersion = 1;
	classes = {
	};
	objectVersion = 50;
	objects = {

/* Begin PBXBuildFile section */
		36013E2C69E3519BF29C13CB /* libPods-DMMacCode.a in Frameworks */ = {isa = PBXBuildFile; fileRef = 89093215F7B04CC300ED5EF8 /* libPods-DMMacCode.a */; };
		6B2974AD2080460B00ADE112 /* AppDelegate.m in Sources */ = {isa = PBXBuildFile; fileRef = 6B2974AC2080460B00ADE112 /* AppDelegate.m */; };
		6B2974AF2080460C00ADE112 /* Assets.xcassets in Resources */ = {isa = PBXBuildFile; fileRef = 6B2974AE2080460C00ADE112 /* Assets.xcassets */; };
		6B2974B52080460C00ADE112 /* main.m in Sources */ = {isa = PBXBuildFile; fileRef = 6B2974B42080460C00ADE112 /* main.m */; };
		6B2974BE208048E300ADE112 /* DMRootViewController.m in Sources */ = {isa = PBXBuildFile; fileRef = 6B2974BD208048E300ADE112 /* DMRootViewController.m */; };
		6B2974C4208089C900ADE112 /* DMMainWindowController.m in Sources */ = {isa = PBXBuildFile; fileRef = 6B2974C3208089C900ADE112 /* DMMainWindowController.m */; };
		6B2974C720808D5B00ADE112 /* DMMainMenu.m in Sources */ = {isa = PBXBuildFile; fileRef = 6B2974C620808D5B00ADE112 /* DMMainMenu.m */; };
/* End PBXBuildFile section */

/* Begin PBXFileReference section */
		42FFB5F92A5301CE27735506 /* Pods-DMMacCode.release.xcconfig */ = {isa = PBXFileReference; includeInIndex = 1; lastKnownFileType = text.xcconfig; name = "Pods-DMMacCode.release.xcconfig"; path = "Pods/Target Support Files/Pods-DMMacCode/Pods-DMMacCode.release.xcconfig"; sourceTree = "<group>"; };
		5776438203B42EF385A9EE08 /* Pods-DMMacCode.debug.xcconfig */ = {isa = PBXFileReference; includeInIndex = 1; lastKnownFileType = text.xcconfig; name = "Pods-DMMacCode.debug.xcconfig"; path = "Pods/Target Support Files/Pods-DMMacCode/Pods-DMMacCode.debug.xcconfig"; sourceTree = "<group>"; };
		6B2974A82080460B00ADE112 /* DMMacCode.app */ = {isa = PBXFileReference; explicitFileType = wrapper.application; includeInIndex = 0; path = DMMacCode.app; sourceTree = BUILT_PRODUCTS_DIR; };
		6B2974AB2080460B00ADE112 /* AppDelegate.h */ = {isa = PBXFileReference; lastKnownFileType = sourcecode.c.h; path = AppDelegate.h; sourceTree = "<group>"; };
		6B2974AC2080460B00ADE112 /* AppDelegate.m */ = {isa = PBXFileReference; lastKnownFileType = sourcecode.c.objc; path = AppDelegate.m; sourceTree = "<group>"; };
		6B2974AE2080460C00ADE112 /* Assets.xcassets */ = {isa = PBXFileReference; lastKnownFileType = folder.assetcatalog; path = Assets.xcassets; sourceTree = "<group>"; };
		6B2974B32080460C00ADE112 /* Info.plist */ = {isa = PBXFileReference; lastKnownFileType = text.plist.xml; path = Info.plist; sourceTree = "<group>"; };
		6B2974B42080460C00ADE112 /* main.m */ = {isa = PBXFileReference; lastKnownFileType = sourcecode.c.objc; path = main.m; sourceTree = "<group>"; };
		6B2974B62080460C00ADE112 /* DMMacCode.entitlements */ = {isa = PBXFileReference; lastKnownFileType = text.plist.entitlements; path = DMMacCode.entitlements; sourceTree = "<group>"; };
		6B2974BC208048E300ADE112 /* DMRootViewController.h */ = {isa = PBXFileReference; lastKnownFileType = sourcecode.c.h; path = DMRootViewController.h; sourceTree = "<group>"; };
		6B2974BD208048E300ADE112 /* DMRootViewController.m */ = {isa = PBXFileReference; lastKnownFileType = sourcecode.c.objc; path = DMRootViewController.m; sourceTree = "<group>"; };
		6B2974C2208089C900ADE112 /* DMMainWindowController.h */ = {isa = PBXFileReference; lastKnownFileType = sourcecode.c.h; path = DMMainWindowController.h; sourceTree = "<group>"; };
		6B2974C3208089C900ADE112 /* DMMainWindowController.m */ = {isa = PBXFileReference; lastKnownFileType = sourcecode.c.objc; path = DMMainWindowController.m; sourceTree = "<group>"; };
		6B2974C520808D5B00ADE112 /* DMMainMenu.h */ = {isa = PBXFileReference; lastKnownFileType = sourcecode.c.h; path = DMMainMenu.h; sourceTree = "<group>"; };
		6B2974C620808D5B00ADE112 /* DMMainMenu.m */ = {isa = PBXFileReference; lastKnownFileType = sourcecode.c.objc; path = DMMainMenu.m; sourceTree = "<group>"; };
		89093215F7B04CC300ED5EF8 /* libPods-DMMacCode.a */ = {isa = PBXFileReference; explicitFileType = archive.ar; includeInIndex = 0; path = "libPods-DMMacCode.a"; sourceTree = BUILT_PRODUCTS_DIR; };
/* End PBXFileReference section */

/* Begin PBXFrameworksBuildPhase section */
		6B2974A52080460B00ADE112 /* Frameworks */ = {
			isa = PBXFrameworksBuildPhase;
			buildActionMask = 2147483647;
			files = (
				36013E2C69E3519BF29C13CB /* libPods-DMMacCode.a in Frameworks */,
			);
			runOnlyForDeploymentPostprocessing = 0;
		};
/* End PBXFrameworksBuildPhase section */

/* Begin PBXGroup section */
		30DDB731EABC32FA7FE02A2D /* Pods */ = {
			isa = PBXGroup;
			children = (
				5776438203B42EF385A9EE08 /* Pods-DMMacCode.debug.xcconfig */,
				42FFB5F92A5301CE27735506 /* Pods-DMMacCode.release.xcconfig */,
			);
			name = Pods;
			sourceTree = "<group>";
		};
		36B61C15CB2D40907F32BF44 /* Frameworks */ = {
			isa = PBXGroup;
			children = (
				89093215F7B04CC300ED5EF8 /* libPods-DMMacCode.a */,
			);
			name = Frameworks;
			sourceTree = "<group>";
		};
		6B29749F2080460B00ADE112 = {
			isa = PBXGroup;
			children = (
				6B2974AA2080460B00ADE112 /* DMMacCode */,
				6B2974A92080460B00ADE112 /* Products */,
				30DDB731EABC32FA7FE02A2D /* Pods */,
				36B61C15CB2D40907F32BF44 /* Frameworks */,
			);
			sourceTree = "<group>";
		};
		6B2974A92080460B00ADE112 /* Products */ = {
			isa = PBXGroup;
			children = (
				6B2974A82080460B00ADE112 /* DMMacCode.app */,
			);
			name = Products;
			sourceTree = "<group>";
		};
		6B2974AA2080460B00ADE112 /* DMMacCode */ = {
			isa = PBXGroup;
			children = (
				6B2974AB2080460B00ADE112 /* AppDelegate.h */,
				6B2974AC2080460B00ADE112 /* AppDelegate.m */,
				6B2974C520808D5B00ADE112 /* DMMainMenu.h */,
				6B2974C620808D5B00ADE112 /* DMMainMenu.m */,
				6B2974C2208089C900ADE112 /* DMMainWindowController.h */,
				6B2974C3208089C900ADE112 /* DMMainWindowController.m */,
				6B2974BC208048E300ADE112 /* DMRootViewController.h */,
				6B2974BD208048E300ADE112 /* DMRootViewController.m */,
				6B2974AE2080460C00ADE112 /* Assets.xcassets */,
				6B2974B32080460C00ADE112 /* Info.plist */,
				6B2974B42080460C00ADE112 /* main.m */,
				6B2974B62080460C00ADE112 /* DMMacCode.entitlements */,
			);
			path = DMMacCode;
			sourceTree = "<group>";
		};
/* End PBXGroup section */

/* Begin PBXNativeTarget section */
		6B2974A72080460B00ADE112 /* DMMacCode */ = {
			isa = PBXNativeTarget;
			buildConfigurationList = 6B2974B92080460C00ADE112 /* Build configuration list for PBXNativeTarget "DMMacCode" */;
			buildPhases = (
				35CF941DC6088862699970D4 /* [CP] Check Pods Manifest.lock */,
				6B2974A42080460B00ADE112 /* Sources */,
				6B2974A52080460B00ADE112 /* Frameworks */,
				6B2974A62080460B00ADE112 /* Resources */,
			);
			buildRules = (
			);
			dependencies = (
			);
			name = DMMacCode;
			productName = DMMacCode;
			productReference = 6B2974A82080460B00ADE112 /* DMMacCode.app */;
			productType = "com.apple.product-type.application";
		};
/* End PBXNativeTarget section */

/* Begin PBXProject section */
		6B2974A02080460B00ADE112 /* Project object */ = {
			isa = PBXProject;
			attributes = {
				LastUpgradeCheck = 0930;
				ORGANIZATIONNAME = lbq;
				TargetAttributes = {
					6B2974A72080460B00ADE112 = {
						CreatedOnToolsVersion = 9.3;
						SystemCapabilities = {
							com.apple.Sandbox = {
								enabled = 1;
							};
						};
					};
				};
			};
			buildConfigurationList = 6B2974A32080460B00ADE112 /* Build configuration list for PBXProject "DMMacCode" */;
			compatibilityVersion = "Xcode 9.3";
			developmentRegion = en;
			hasScannedForEncodings = 0;
			knownRegions = (
				en,
				Base,
			);
			mainGroup = 6B29749F2080460B00ADE112;
			productRefGroup = 6B2974A92080460B00ADE112 /* Products */;
			projectDirPath = "";
			projectRoot = "";
			targets = (
				6B2974A72080460B00ADE112 /* DMMacCode */,
			);
		};
/* End PBXProject section */

/* Begin PBXResourcesBuildPhase section */
		6B2974A62080460B00ADE112 /* Resources */ = {
			isa = PBXResourcesBuildPhase;
			buildActionMask = 2147483647;
			files = (
				6B2974AF2080460C00ADE112 /* Assets.xcassets in Resources */,
			);
			runOnlyForDeploymentPostprocessing = 0;
		};
/* End PBXResourcesBuildPhase section */

/* Begin PBXShellScriptBuildPhase section */
		35CF941DC6088862699970D4 /* [CP] Check Pods Manifest.lock */ = {
			isa = PBXShellScriptBuildPhase;
			buildActionMask = 2147483647;
			files = (
			);
			inputPaths = (
				"${PODS_PODFILE_DIR_PATH}/Podfile.lock",
				"${PODS_ROOT}/Manifest.lock",
			);
			name = "[CP] Check Pods Manifest.lock";
			outputPaths = (
				"$(DERIVED_FILE_DIR)/Pods-DMMacCode-checkManifestLockResult.txt",
			);
			runOnlyForDeploymentPostprocessing = 0;
			shellPath = /bin/sh;
			shellScript = "diff \"${PODS_PODFILE_DIR_PATH}/Podfile.lock\" \"${PODS_ROOT}/Manifest.lock\" > /dev/null\nif [ $? != 0 ] ; then\n    # print error to STDERR\n    echo \"error: The sandbox is not in sync with the Podfile.lock. Run 'pod install' or update your CocoaPods installation.\" >&2\n    exit 1\nfi\n# This output is used by Xcode 'outputs' to avoid re-running this script phase.\necho \"SUCCESS\" > \"${SCRIPT_OUTPUT_FILE_0}\"\n";
			showEnvVarsInLog = 0;
		};
/* End PBXShellScriptBuildPhase section */

/* Begin PBXSourcesBuildPhase section */
		6B2974A42080460B00ADE112 /* Sources */ = {
			isa = PBXSourcesBuildPhase;
			buildActionMask = 2147483647;
			files = (
				6B2974BE208048E300ADE112 /* DMRootViewController.m in Sources */,
				6B2974C720808D5B00ADE112 /* DMMainMenu.m in Sources */,
				6B2974C4208089C900ADE112 /* DMMainWindowController.m in Sources */,
				6B2974B52080460C00ADE112 /* main.m in Sources */,
				6B2974AD2080460B00ADE112 /* AppDelegate.m in Sources */,
			);
			runOnlyForDeploymentPostprocessing = 0;
		};
/* End PBXSourcesBuildPhase section */

/* Begin XCBuildConfiguration section */
		6B2974B72080460C00ADE112 /* Debug */ = {
			isa = XCBuildConfiguration;
			buildSettings = {
				ALWAYS_SEARCH_USER_PATHS = NO;
				CLANG_ANALYZER_NONNULL = YES;
				CLANG_ANALYZER_NUMBER_OBJECT_CONVERSION = YES_AGGRESSIVE;
				CLANG_CXX_LANGUAGE_STANDARD = "gnu++14";
				CLANG_CXX_LIBRARY = "libc++";
				CLANG_ENABLE_MODULES = YES;
				CLANG_ENABLE_OBJC_ARC = YES;
				CLANG_ENABLE_OBJC_WEAK = YES;
				CLANG_WARN_BLOCK_CAPTURE_AUTORELEASING = YES;
				CLANG_WARN_BOOL_CONVERSION = YES;
				CLANG_WARN_COMMA = YES;
				CLANG_WARN_CONSTANT_CONVERSION = YES;
				CLANG_WARN_DEPRECATED_OBJC_IMPLEMENTATIONS = YES;
				CLANG_WARN_DIRECT_OBJC_ISA_USAGE = YES_ERROR;
				CLANG_WARN_DOCUMENTATION_COMMENTS = YES;
				CLANG_WARN_EMPTY_BODY = YES;
				CLANG_WARN_ENUM_CONVERSION = YES;
				CLANG_WARN_INFINITE_RECURSION = YES;
				CLANG_WARN_INT_CONVERSION = YES;
				CLANG_WARN_NON_LITERAL_NULL_CONVERSION = YES;
				CLANG_WARN_OBJC_IMPLICIT_RETAIN_SELF = YES;
				CLANG_WARN_OBJC_LITERAL_CONVERSION = YES;
				CLANG_WARN_OBJC_ROOT_CLASS = YES_ERROR;
				CLANG_WARN_RANGE_LOOP_ANALYSIS = YES;
				CLANG_WARN_STRICT_PROTOTYPES = YES;
				CLANG_WARN_SUSPICIOUS_MOVE = YES;
				CLANG_WARN_UNGUARDED_AVAILABILITY = YES_AGGRESSIVE;
				CLANG_WARN_UNREACHABLE_CODE = YES;
				CLANG_WARN__DUPLICATE_METHOD_MATCH = YES;
				CODE_SIGN_IDENTITY = "-";
				COPY_PHASE_STRIP = NO;
				DEBUG_INFORMATION_FORMAT = dwarf;
				ENABLE_STRICT_OBJC_MSGSEND = YES;
				ENABLE_TESTABILITY = YES;
				GCC_C_LANGUAGE_STANDARD = gnu11;
				GCC_DYNAMIC_NO_PIC = NO;
				GCC_NO_COMMON_BLOCKS = YES;
				GCC_OPTIMIZATION_LEVEL = 0;
				GCC_PREPROCESSOR_DEFINITIONS = (
					"DEBUG=1",
					"$(inherited)",
				);
				GCC_WARN_64_TO_32_BIT_CONVERSION = YES;
				GCC_WARN_ABOUT_RETURN_TYPE = YES_ERROR;
				GCC_WARN_UNDECLARED_SELECTOR = YES;
				GCC_WARN_UNINITIALIZED_AUTOS = YES_AGGRESSIVE;
				GCC_WARN_UNUSED_FUNCTION = YES;
				GCC_WARN_UNUSED_VARIABLE = YES;
				MACOSX_DEPLOYMENT_TARGET = 10.13;
				MTL_ENABLE_DEBUG_INFO = YES;
				ONLY_ACTIVE_ARCH = YES;
				SDKROOT = macosx;
			};
			name = Debug;
		};
		6B2974B82080460C00ADE112 /* Release */ = {
			isa = XCBuildConfiguration;
			buildSettings = {
				ALWAYS_SEARCH_USER_PATHS = NO;
				CLANG_ANALYZER_NONNULL = YES;
				CLANG_ANALYZER_NUMBER_OBJECT_CONVERSION = YES_AGGRESSIVE;
				CLANG_CXX_LANGUAGE_STANDARD = "gnu++14";
				CLANG_CXX_LIBRARY = "libc++";
				CLANG_ENABLE_MODULES = YES;
				CLANG_ENABLE_OBJC_ARC = YES;
				CLANG_ENABLE_OBJC_WEAK = YES;
				CLANG_WARN_BLOCK_CAPTURE_AUTORELEASING = YES;
				CLANG_WARN_BOOL_CONVERSION = YES;
				CLANG_WARN_COMMA = YES;
				CLANG_WARN_CONSTANT_CONVERSION = YES;
				CLANG_WARN_DEPRECATED_OBJC_IMPLEMENTATIONS = YES;
				CLANG_WARN_DIRECT_OBJC_ISA_USAGE = YES_ERROR;
				CLANG_WARN_DOCUMENTATION_COMMENTS = YES;
				CLANG_WARN_EMPTY_BODY = YES;
				CLANG_WARN_ENUM_CONVERSION = YES;
				CLANG_WARN_INFINITE_RECURSION = YES;
				CLANG_WARN_INT_CONVERSION = YES;
				CLANG_WARN_NON_LITERAL_NULL_CONVERSION = YES;
				CLANG_WARN_OBJC_IMPLICIT_RETAIN_SELF = YES;
				CLANG_WARN_OBJC_LITERAL_CONVERSION = YES;
				CLANG_WARN_OBJC_ROOT_CLASS = YES_ERROR;
				CLANG_WARN_RANGE_LOOP_ANALYSIS = YES;
				CLANG_WARN_STRICT_PROTOTYPES = YES;
				CLANG_WARN_SUSPICIOUS_MOVE = YES;
				CLANG_WARN_UNGUARDED_AVAILABILITY = YES_AGGRESSIVE;
				CLANG_WARN_UNREACHABLE_CODE = YES;
				CLANG_WARN__DUPLICATE_METHOD_MATCH = YES;
				CODE_SIGN_IDENTITY = "-";
				COPY_PHASE_STRIP = NO;
				DEBUG_INFORMATION_FORMAT = "dwarf-with-dsym";
				ENABLE_NS_ASSERTIONS = NO;
				ENABLE_STRICT_OBJC_MSGSEND = YES;
				GCC_C_LANGUAGE_STANDARD = gnu11;
				GCC_NO_COMMON_BLOCKS = YES;
				GCC_WARN_64_TO_32_BIT_CONVERSION = YES;
				GCC_WARN_ABOUT_RETURN_TYPE = YES_ERROR;
				GCC_WARN_UNDECLARED_SELECTOR = YES;
				GCC_WARN_UNINITIALIZED_AUTOS = YES_AGGRESSIVE;
				GCC_WARN_UNUSED_FUNCTION = YES;
				GCC_WARN_UNUSED_VARIABLE = YES;
				MACOSX_DEPLOYMENT_TARGET = 10.13;
				MTL_ENABLE_DEBUG_INFO = NO;
				SDKROOT = macosx;
			};
			name = Release;
		};
		6B2974BA2080460C00ADE112 /* Debug */ = {
			isa = XCBuildConfiguration;
			baseConfigurationReference = 5776438203B42EF385A9EE08 /* Pods-DMMacCode.debug.xcconfig */;
			buildSettings = {
				ASSETCATALOG_COMPILER_APPICON_NAME = AppIcon;
				CODE_SIGN_ENTITLEMENTS = DMMacCode/DMMacCode.entitlements;
				CODE_SIGN_STYLE = Automatic;
				COMBINE_HIDPI_IMAGES = YES;
				INFOPLIST_FILE = DMMacCode/Info.plist;
				LD_RUNPATH_SEARCH_PATHS = "$(inherited) @executable_path/../Frameworks";
				MACOSX_DEPLOYMENT_TARGET = 10.10;
				PRODUCT_BUNDLE_IDENTIFIER = com.msb.DMMacCode;
				PRODUCT_NAME = "$(TARGET_NAME)";
			};
			name = Debug;
		};
		6B2974BB2080460C00ADE112 /* Release */ = {
			isa = XCBuildConfiguration;
			baseConfigurationReference = 42FFB5F92A5301CE27735506 /* Pods-DMMacCode.release.xcconfig */;
			buildSettings = {
				ASSETCATALOG_COMPILER_APPICON_NAME = AppIcon;
				CODE_SIGN_ENTITLEMENTS = DMMacCode/DMMacCode.entitlements;
				CODE_SIGN_STYLE = Automatic;
				COMBINE_HIDPI_IMAGES = YES;
				INFOPLIST_FILE = DMMacCode/Info.plist;
				LD_RUNPATH_SEARCH_PATHS = "$(inherited) @executable_path/../Frameworks";
				MACOSX_DEPLOYMENT_TARGET = 10.10;
				PRODUCT_BUNDLE_IDENTIFIER = com.msb.DMMacCode;
				PRODUCT_NAME = "$(TARGET_NAME)";
			};
			name = Release;
		};
/* End XCBuildConfiguration section */

/* Begin XCConfigurationList section */
		6B2974A32080460B00ADE112 /* Build configuration list for PBXProject "DMMacCode" */ = {
			isa = XCConfigurationList;
			buildConfigurations = (
				6B2974B72080460C00ADE112 /* Debug */,
				6B2974B82080460C00ADE112 /* Release */,
			);
			defaultConfigurationIsVisible = 0;
			defaultConfigurationName = Release;
		};
		6B2974B92080460C00ADE112 /* Build configuration list for PBXNativeTarget "DMMacCode" */ = {
			isa = XCConfigurationList;
			buildConfigurations = (
				6B2974BA2080460C00ADE112 /* Debug */,
				6B2974BB2080460C00ADE112 /* Release */,
			);
			defaultConfigurationIsVisible = 0;
			defaultConfigurationName = Release;
		};
/* End XCConfigurationList section */
	};
	rootObject = 6B2974A02080460B00ADE112 /* Project object */;
}
